{
    "name": "@unified-api/react-directory",
    "version": "1.1.20",
    "lockfileVersion": 2,
    "requires": true,
    "packages": {
        "": {
            "name": "@unified-api/react-directory",
            "version": "1.1.20",
            "license": "ISC",
            "devDependencies": {
                "@types/react": "^19.2.2",
                "react": "^19.2.0",
                "react-dom": "^19.2.0",
                "tslib": "^2.8.1",
                "typescript": "^5.9.3"
            },
            "peerDependencies": {
                "react": "^19.0.0"
            }
        },
        "node_modules/@types/react": {
            "version": "19.2.2",
            "resolved": "https://registry.npmjs.org/@types/react/-/react-19.2.2.tgz",
            "integrity": "sha512-6mDvHUFSjyT2B2yeNx2nUgMxh9LtOWvkhIU3uePn2I2oyNymUAX1NIsdgviM4CH+JSrp2D2hsMvJOkxY+0wNRA==",
            "dev": true,
            "dependencies": {
                "csstype": "^3.0.2"
            }
        },
        "node_modules/csstype": {
            "version": "3.1.2",
            "resolved": "https://registry.npmjs.org/csstype/-/csstype-3.1.2.tgz",
            "integrity": "sha512-I7K1Uu0MBPzaFKg4nI5Q7Vs2t+3gWWW648spaF+Rg7pI9ds18Ugn+lvg4SHczUdKlHI5LWBXyqfS8+DufyBsgQ==",
            "dev": true
        },
        "node_modules/react": {
            "version": "19.2.0",
            "resolved": "https://registry.npmjs.org/react/-/react-19.2.0.tgz",
            "integrity": "sha512-tmbWg6W31tQLeB5cdIBOicJDJRR2KzXsV7uSK9iNfLWQ5bIZfxuPEHp7M8wiHyHnn0DD1i7w3Zmin0FtkrwoCQ==",
            "dev": true,
            "engines": {
                "node": ">=0.10.0"
            }
        },
        "node_modules/react-dom": {
            "version": "19.2.0",
            "resolved": "https://registry.npmjs.org/react-dom/-/react-dom-19.2.0.tgz",
            "integrity": "sha512-UlbRu4cAiGaIewkPyiRGJk0imDN2T3JjieT6spoL2UeSf5od4n5LB/mQ4ejmxhCFT1tYe8IvaFulzynWovsEFQ==",
            "dev": true,
            "dependencies": {
                "scheduler": "^0.27.0"
            },
            "peerDependencies": {
                "react": "^19.2.0"
            }
        },
        "node_modules/scheduler": {
            "version": "0.27.0",
            "resolved": "https://registry.npmjs.org/scheduler/-/scheduler-0.27.0.tgz",
            "integrity": "sha512-eNv+WrVbKu1f3vbYJT/xtiF5syA5HPIMtf9IgY/nKg0sWqzAUEvqY/xm7OcZc/qafLx/iO9FgOmeSAp4v5ti/Q==",
            "dev": true
        },
        "node_modules/tslib": {
            "version": "2.8.1",
            "resolved": "https://registry.npmjs.org/tslib/-/tslib-2.8.1.tgz",
            "integrity": "sha512-oJFu94HQb+KVduSUQL7wnpmqnfmLsOA/nAh6b6EH0wCEoK0/mPeXU6c3wKDV83MkOuHPRHtSXKKU99IBazS/2w==",
            "dev": true
        },
        "node_modules/typescript": {
            "version": "5.9.3",
            "resolved": "https://registry.npmjs.org/typescript/-/typescript-5.9.3.tgz",
            "integrity": "sha512-jl1vZzPDinLr9eUt3J/t7V6FgNEw9QjvBPdysz9KfQDD41fQrC2Y4vKQdiaUpFT4bXlb1RHhLpp8wtm6M5TgSw==",
            "dev": true,
            "bin": {
                "tsc": "bin/tsc",
                "tsserver": "bin/tsserver"
            },
            "engines": {
                "node": ">=14.17"
            }
        }
    },
    "dependencies": {
        "@types/react": {
            "version": "19.2.2",
            "resolved": "https://registry.npmjs.org/@types/react/-/react-19.2.2.tgz",
            "integrity": "sha512-6mDvHUFSjyT2B2yeNx2nUgMxh9LtOWvkhIU3uePn2I2oyNymUAX1NIsdgviM4CH+JSrp2D2hsMvJOkxY+0wNRA==",
            "dev": true,
            "requires": {
                "csstype": "^3.0.2"
            }
        },
        "csstype": {
            "version": "3.1.2",
            "resolved": "https://registry.npmjs.org/csstype/-/csstype-3.1.2.tgz",
            "integrity": "sha512-I7K1Uu0MBPzaFKg4nI5Q7Vs2t+3gWWW648spaF+Rg7pI9ds18Ugn+lvg4SHczUdKlHI5LWBXyqfS8+DufyBsgQ==",
            "dev": true
        },
        "react": {
            "version": "19.2.0",
            "resolved": "https://registry.npmjs.org/react/-/react-19.2.0.tgz",
            "integrity": "sha512-tmbWg6W31tQLeB5cdIBOicJDJRR2KzXsV7uSK9iNfLWQ5bIZfxuPEHp7M8wiHyHnn0DD1i7w3Zmin0FtkrwoCQ==",
            "dev": true
        },
        "react-dom": {
            "version": "19.2.0",
            "resolved": "https://registry.npmjs.org/react-dom/-/react-dom-19.2.0.tgz",
            "integrity": "sha512-UlbRu4cAiGaIewkPyiRGJk0imDN2T3JjieT6spoL2UeSf5od4n5LB/mQ4ejmxhCFT1tYe8IvaFulzynWovsEFQ==",
            "dev": true,
            "requires": {
                "scheduler": "^0.27.0"
            }
        },
        "scheduler": {
            "version": "0.27.0",
            "resolved": "https://registry.npmjs.org/scheduler/-/scheduler-0.27.0.tgz",
            "integrity": "sha512-eNv+WrVbKu1f3vbYJT/xtiF5syA5HPIMtf9IgY/nKg0sWqzAUEvqY/xm7OcZc/qafLx/iO9FgOmeSAp4v5ti/Q==",
            "dev": true
        },
        "tslib": {
            "version": "2.8.1",
            "resolved": "https://registry.npmjs.org/tslib/-/tslib-2.8.1.tgz",
            "integrity": "sha512-oJFu94HQb+KVduSUQL7wnpmqnfmLsOA/nAh6b6EH0wCEoK0/mPeXU6c3wKDV83MkOuHPRHtSXKKU99IBazS/2w==",
            "dev": true
        },
        "typescript": {
            "version": "5.9.3",
            "resolved": "https://registry.npmjs.org/typescript/-/typescript-5.9.3.tgz",
            "integrity": "sha512-jl1vZzPDinLr9eUt3J/t7V6FgNEw9QjvBPdysz9KfQDD41fQrC2Y4vKQdiaUpFT4bXlb1RHhLpp8wtm6M5TgSw==",
            "dev": true
        }
    }
}
